github.com/agnostic-t/neutrino-core v0.0.0-20260602163952-f829342e961f h1:85CGEaGDqZMseMi1LKXKcjlHL11/sdGC+RHB6bibANQ=
github.com/agnostic-t/neutrino-core v0.0.0-20260602163952-f829342e961f/go.mod h1:UCnSsC7UhoTc7Vs+6eQprEsFqTIcCA+2lVk2ti+tXnc=
github.com/agnostic-t/neutrino-obfs v0.0.0-20260531120404-f1066b0229a4 h1:wfiAkYc0tKKxpaq7OvvIE/e2FSDPPM07Nm7lodMMVgM=
github.com/agnostic-t/neutrino-obfs v0.0.0-20260531120404-f1066b0229a4/go.mod h1:OuxDfOHuBg4g8xPEH2efz7vQu54v0msb3cpo3aKFu28=
